
Microsoft Visual Studio Solution File, Format Version 12.00
# Visual Studio 15
VisualStudioVersion = 15.0.27428.2015
MinimumVisualStudioVersion = 10.0.40219.1
Project("{8BC9CEB8-8B4A-11D0-8D11-00A0C91BC942}") = "myping_server", "myping_server\myping_server.vcxproj", "{EE083985-96D9-4AD3-9A63-13F6E9C22E4B}"
EndProject
Global
	GlobalSection(SolutionConfigurationPlatforms) = preSolution
		Debug|x64 = Debug|x64
		Debug|x86 = Debug|x86
		Release|x64 = Release|x64
		Release|x86 = Release|x86
	EndGlobalSection
	GlobalSection(ProjectConfigurationPlatforms) = postSolution
		{EE083985-96D9-4AD3-9A63-13F6E9C22E4B}.Debug|x64.ActiveCfg = Debug|x64
		{EE083985-96D9-4AD3-9A63-13F6E9C22E4B}.Debug|x64.Build.0 = Debug|x64
		{EE083985-96D9-4AD3-9A63-13F6E9C22E4B}.Debug|x86.ActiveCfg = Debug|Win32
		{EE083985-96D9-4AD3-9A63-13F6E9C22E4B}.Debug|x86.Build.0 = Debug|Win32
		{EE083985-96D9-4AD3-9A63-13F6E9C22E4B}.Release|x64.ActiveCfg = Release|x64
		{EE083985-96D9-4AD3-9A63-13F6E9C22E4B}.Release|x64.Build.0 = Release|x64
		{EE083985-96D9-4AD3-9A63-13F6E9C22E4B}.Release|x86.ActiveCfg = Release|Win32
		{EE083985-96D9-4AD3-9A63-13F6E9C22E4B}.Release|x86.Build.0 = Release|Win32
	EndGlobalSection
	GlobalSection(SolutionProperties) = preSolution
		HideSolutionNode = FALSE
	EndGlobalSection
	GlobalSection(ExtensibilityGlobals) = postSolution
		SolutionGuid = {35250ED6-723E-4B91-AC61-4A1449C7F1C7}
	EndGlobalSection
EndGlobal
